
Microsoft Visual Studio Solution File, Format Version 12.00
# Visual Studio Version 16
VisualStudioVersion = 16.0.31129.286
MinimumVisualStudioVersion = 10.0.40219.1
Project("{FAE04EC0-301F-11D3-BF4B-00C04F79EFBC}") = "SNWServer", "SNWServer\SNWServer.csproj", "{1D955F6A-5648-4C69-8B1A-322456AE2B64}"
EndProject
Global
	GlobalSection(SolutionConfigurationPlatforms) = preSolution
		Debug|Any CPU = Debug|Any CPU
		Release|Any CPU = Release|Any CPU
	EndGlobalSection
	GlobalSection(ProjectConfigurationPlatforms) = postSolution
		{1D955F6A-5648-4C69-8B1A-322456AE2B64}.Debug|Any CPU.ActiveCfg = Debug|Any CPU
		{1D955F6A-5648-4C69-8B1A-322456AE2B64}.Debug|Any CPU.Build.0 = Debug|Any CPU
		{1D955F6A-5648-4C69-8B1A-322456AE2B64}.Release|Any CPU.ActiveCfg = Release|Any CPU
		{1D955F6A-5648-4C69-8B1A-322456AE2B64}.Release|Any CPU.Build.0 = Release|Any CPU
	EndGlobalSection
	GlobalSection(SolutionProperties) = preSolution
		HideSolutionNode = FALSE
	EndGlobalSection
	GlobalSection(ExtensibilityGlobals) = postSolution
		SolutionGuid = {6A0F2FAC-74CE-45DB-8752-68C12CF7F995}
	EndGlobalSection
EndGlobal
